
Microsoft Visual Studio Solution File, Format Version 12.00
# Visual Studio Version 17
VisualStudioVersion = 17.5.002.0
MinimumVisualStudioVersion = 10.0.40219.1
Project("{2150E333-8FDC-42A3-9474-1A3956D46DE8}") = "cse210-hw", "cse210-hw", "{4E03FEB1-C604-44CB-A88C-244A717BCF7C}"
EndProject
Project("{2150E333-8FDC-42A3-9474-1A3956D46DE8}") = "csharp-prep", "csharp-prep", "{3D5A149D-561D-43FF-8E14-E4F80EB0426A}"
EndProject
Project("{9A19103F-16F7-4668-BE54-9A1E7A4F7556}") = "Prep1", "cse210-hw\csharp-prep\Prep1\Prep1.csproj", "{11ED1128-AA20-4997-9F71-026E607068F9}"
EndProject
Project("{9A19103F-16F7-4668-BE54-9A1E7A4F7556}") = "Prep2", "cse210-hw\csharp-prep\Prep2\Prep2.csproj", "{DF29FA48-D34D-4A7B-A965-F449AB2D799C}"
EndProject
Project("{9A19103F-16F7-4668-BE54-9A1E7A4F7556}") = "Prep3", "cse210-hw\csharp-prep\Prep3\Prep3.csproj", "{36847DE4-F940-4E3F-8BE2-C6B08D5CD7B0}"
EndProject
Project("{9A19103F-16F7-4668-BE54-9A1E7A4F7556}") = "Prep4", "cse210-hw\csharp-prep\Prep4\Prep4.csproj", "{D7BB8A7C-D132-4CB0-87E6-809A46C3EDC8}"
EndProject
Project("{9A19103F-16F7-4668-BE54-9A1E7A4F7556}") = "Prep5", "cse210-hw\csharp-prep\Prep5\Prep5.csproj", "{6269EA70-B152-4B15-A994-035CF97D3C94}"
EndProject
Project("{2150E333-8FDC-42A3-9474-1A3956D46DE8}") = "final", "final", "{8E03AC53-779F-4B84-8256-288029B6F918}"
EndProject
Project("{9A19103F-16F7-4668-BE54-9A1E7A4F7556}") = "FinalProject", "cse210-hw\final\FinalProject\FinalProject.csproj", "{E24470F1-0538-420B-BBBA-E8034EA29F58}"
EndProject
Project("{9A19103F-16F7-4668-BE54-9A1E7A4F7556}") = "Foundation1", "cse210-hw\final\Foundation1\Foundation1.csproj", "{ABCBEC53-F5C2-47CB-8BBF-869A516C0EBE}"
EndProject
Project("{9A19103F-16F7-4668-BE54-9A1E7A4F7556}") = "Foundation2", "cse210-hw\final\Foundation2\Foundation2.csproj", "{F3625A2B-2047-426B-BFF7-A886BE36C001}"
EndProject
Project("{9A19103F-16F7-4668-BE54-9A1E7A4F7556}") = "Foundation3", "cse210-hw\final\Foundation3\Foundation3.csproj", "{EF77344B-6E4F-46EA-810A-A602E12CB9E2}"
EndProject
Project("{9A19103F-16F7-4668-BE54-9A1E7A4F7556}") = "Foundation4", "cse210-hw\final\Foundation4\Foundation4.csproj", "{E7446318-CA02-4090-857E-8CBF40EE5093}"
EndProject
Project("{2150E333-8FDC-42A3-9474-1A3956D46DE8}") = "prepare", "prepare", "{D3974E5D-9C64-4D49-A896-C80F98BEF765}"
EndProject
Project("{9A19103F-16F7-4668-BE54-9A1E7A4F7556}") = "Learning02", "cse210-hw\prepare\Learning02\Learning02.csproj", "{4245796A-12C8-4870-9F4D-28093630DDD1}"
EndProject
Project("{9A19103F-16F7-4668-BE54-9A1E7A4F7556}") = "Learning03", "cse210-hw\prepare\Learning03\Learning03.csproj", "{53B4CFD5-66F1-4D6A-B9BB-BD9F2F178E65}"
EndProject
Project("{9A19103F-16F7-4668-BE54-9A1E7A4F7556}") = "Learning04", "cse210-hw\prepare\Learning04\Learning04.csproj", "{9FF14A4E-20A1-4A58-82A4-92A5B82BEFF8}"
EndProject
Project("{9A19103F-16F7-4668-BE54-9A1E7A4F7556}") = "Learning05", "cse210-hw\prepare\Learning05\Learning05.csproj", "{A0944ACE-D279-40D7-902E-5BF6C9192DC1}"
EndProject
Project("{2150E333-8FDC-42A3-9474-1A3956D46DE8}") = "prove", "prove", "{9DB3B210-9A0F-42D0-9087-791C1AAA69EB}"
EndProject
Project("{9A19103F-16F7-4668-BE54-9A1E7A4F7556}") = "Develop02", "cse210-hw\prove\Develop02\Develop02.csproj", "{85C2C5B3-C1DB-4EB0-85D3-E954FFB18038}"
EndProject
Project("{9A19103F-16F7-4668-BE54-9A1E7A4F7556}") = "Develop03", "cse210-hw\prove\Develop03\Develop03.csproj", "{66C5C0B3-5071-4AB5-B4DD-DD109A09F3F1}"
EndProject
Project("{9A19103F-16F7-4668-BE54-9A1E7A4F7556}") = "Develop04", "cse210-hw\prove\Develop04\Develop04.csproj", "{CAFA37DB-6368-4F85-9130-63BA07219767}"
EndProject
Project("{9A19103F-16F7-4668-BE54-9A1E7A4F7556}") = "Develop05", "cse210-hw\prove\Develop05\Develop05.csproj", "{ED3A50B1-9B38-469B-8BBE-22B226177353}"
EndProject
Project("{2150E333-8FDC-42A3-9474-1A3956D46DE8}") = "sandbox", "sandbox", "{1C4E5C10-1369-4845-A4EE-046E906F6BF1}"
EndProject
Project("{9A19103F-16F7-4668-BE54-9A1E7A4F7556}") = "Sandbox", "cse210-hw\sandbox\Sandbox\Sandbox.csproj", "{36F7C3FE-7BAC-4A8E-A10C-C0B5712ADF8D}"
EndProject
Global
	GlobalSection(SolutionConfigurationPlatforms) = preSolution
		Debug|Any CPU = Debug|Any CPU
		Release|Any CPU = Release|Any CPU
	EndGlobalSection
	GlobalSection(ProjectConfigurationPlatforms) = postSolution
		{11ED1128-AA20-4997-9F71-026E607068F9}.Debug|Any CPU.ActiveCfg = Debug|Any CPU
		{11ED1128-AA20-4997-9F71-026E607068F9}.Debug|Any CPU.Build.0 = Debug|Any CPU
		{11ED1128-AA20-4997-9F71-026E607068F9}.Release|Any CPU.ActiveCfg = Release|Any CPU
		{11ED1128-AA20-4997-9F71-026E607068F9}.Release|Any CPU.Build.0 = Release|Any CPU
		{DF29FA48-D34D-4A7B-A965-F449AB2D799C}.Debug|Any CPU.ActiveCfg = Debug|Any CPU
		{DF29FA48-D34D-4A7B-A965-F449AB2D799C}.Debug|Any CPU.Build.0 = Debug|Any CPU
		{DF29FA48-D34D-4A7B-A965-F449AB2D799C}.Release|Any CPU.ActiveCfg = Release|Any CPU
		{DF29FA48-D34D-4A7B-A965-F449AB2D799C}.Release|Any CPU.Build.0 = Release|Any CPU
		{36847DE4-F940-4E3F-8BE2-C6B08D5CD7B0}.Debug|Any CPU.ActiveCfg = Debug|Any CPU
		{36847DE4-F940-4E3F-8BE2-C6B08D5CD7B0}.Debug|Any CPU.Build.0 = Debug|Any CPU
		{36847DE4-F940-4E3F-8BE2-C6B08D5CD7B0}.Release|Any CPU.ActiveCfg = Release|Any CPU
		{36847DE4-F940-4E3F-8BE2-C6B08D5CD7B0}.Release|Any CPU.Build.0 = Release|Any CPU
		{D7BB8A7C-D132-4CB0-87E6-809A46C3EDC8}.Debug|Any CPU.ActiveCfg = Debug|Any CPU
		{D7BB8A7C-D132-4CB0-87E6-809A46C3EDC8}.Debug|Any CPU.Build.0 = Debug|Any CPU
		{D7BB8A7C-D132-4CB0-87E6-809A46C3EDC8}.Release|Any CPU.ActiveCfg = Release|Any CPU
		{D7BB8A7C-D132-4CB0-87E6-809A46C3EDC8}.Release|Any CPU.Build.0 = Release|Any CPU
		{6269EA70-B152-4B15-A994-035CF97D3C94}.Debug|Any CPU.ActiveCfg = Debug|Any CPU
		{6269EA70-B152-4B15-A994-035CF97D3C94}.Debug|Any CPU.Build.0 = Debug|Any CPU
		{6269EA70-B152-4B15-A994-035CF97D3C94}.Release|Any CPU.ActiveCfg = Release|Any CPU
		{6269EA70-B152-4B15-A994-035CF97D3C94}.Release|Any CPU.Build.0 = Release|Any CPU
		{E24470F1-0538-420B-BBBA-E8034EA29F58}.Debug|Any CPU.ActiveCfg = Debug|Any CPU
		{E24470F1-0538-420B-BBBA-E8034EA29F58}.Debug|Any CPU.Build.0 = Debug|Any CPU
		{E24470F1-0538-420B-BBBA-E8034EA29F58}.Release|Any CPU.ActiveCfg = Release|Any CPU
		{E24470F1-0538-420B-BBBA-E8034EA29F58}.Release|Any CPU.Build.0 = Release|Any CPU
		{ABCBEC53-F5C2-47CB-8BBF-869A516C0EBE}.Debug|Any CPU.ActiveCfg = Debug|Any CPU
		{ABCBEC53-F5C2-47CB-8BBF-869A516C0EBE}.Debug|Any CPU.Build.0 = Debug|Any CPU
		{ABCBEC53-F5C2-47CB-8BBF-869A516C0EBE}.Release|Any CPU.ActiveCfg = Release|Any CPU
		{ABCBEC53-F5C2-47CB-8BBF-869A516C0EBE}.Release|Any CPU.Build.0 = Release|Any CPU
		{F3625A2B-2047-426B-BFF7-A886BE36C001}.Debug|Any CPU.ActiveCfg = Debug|Any CPU
		{F3625A2B-2047-426B-BFF7-A886BE36C001}.Debug|Any CPU.Build.0 = Debug|Any CPU
		{F3625A2B-2047-426B-BFF7-A886BE36C001}.Release|Any CPU.ActiveCfg = Release|Any CPU
		{F3625A2B-2047-426B-BFF7-A886BE36C001}.Release|Any CPU.Build.0 = Release|Any CPU
		{EF77344B-6E4F-46EA-810A-A602E12CB9E2}.Debug|Any CPU.ActiveCfg = Debug|Any CPU
		{EF77344B-6E4F-46EA-810A-A602E12CB9E2}.Debug|Any CPU.Build.0 = Debug|Any CPU
		{EF77344B-6E4F-46EA-810A-A602E12CB9E2}.Release|Any CPU.ActiveCfg = Release|Any CPU
		{EF77344B-6E4F-46EA-810A-A602E12CB9E2}.Release|Any CPU.Build.0 = Release|Any CPU
		{E7446318-CA02-4090-857E-8CBF40EE5093}.Debug|Any CPU.ActiveCfg = Debug|Any CPU
		{E7446318-CA02-4090-857E-8CBF40EE5093}.Debug|Any CPU.Build.0 = Debug|Any CPU
		{E7446318-CA02-4090-857E-8CBF40EE5093}.Release|Any CPU.ActiveCfg = Release|Any CPU
		{E7446318-CA02-4090-857E-8CBF40EE5093}.Release|Any CPU.Build.0 = Release|Any CPU
		{4245796A-12C8-4870-9F4D-28093630DDD1}.Debug|Any CPU.ActiveCfg = Debug|Any CPU
		{4245796A-12C8-4870-9F4D-28093630DDD1}.Debug|Any CPU.Build.0 = Debug|Any CPU
		{4245796A-12C8-4870-9F4D-28093630DDD1}.Release|Any CPU.ActiveCfg = Release|Any CPU
		{4245796A-12C8-4870-9F4D-28093630DDD1}.Release|Any CPU.Build.0 = Release|Any CPU
		{53B4CFD5-66F1-4D6A-B9BB-BD9F2F178E65}.Debug|Any CPU.ActiveCfg = Debug|Any CPU
		{53B4CFD5-66F1-4D6A-B9BB-BD9F2F178E65}.Debug|Any CPU.Build.0 = Debug|Any CPU
		{53B4CFD5-66F1-4D6A-B9BB-BD9F2F178E65}.Release|Any CPU.ActiveCfg = Release|Any CPU
		{53B4CFD5-66F1-4D6A-B9BB-BD9F2F178E65}.Release|Any CPU.Build.0 = Release|Any CPU
		{9FF14A4E-20A1-4A58-82A4-92A5B82BEFF8}.Debug|Any CPU.ActiveCfg = Debug|Any CPU
		{9FF14A4E-20A1-4A58-82A4-92A5B82BEFF8}.Debug|Any CPU.Build.0 = Debug|Any CPU
		{9FF14A4E-20A1-4A58-82A4-92A5B82BEFF8}.Release|Any CPU.ActiveCfg = Release|Any CPU
		{9FF14A4E-20A1-4A58-82A4-92A5B82BEFF8}.Release|Any CPU.Build.0 = Release|Any CPU
		{A0944ACE-D279-40D7-902E-5BF6C9192DC1}.Debug|Any CPU.ActiveCfg = Debug|Any CPU
		{A0944ACE-D279-40D7-902E-5BF6C9192DC1}.Debug|Any CPU.Build.0 = Debug|Any CPU
		{A0944ACE-D279-40D7-902E-5BF6C9192DC1}.Release|Any CPU.ActiveCfg = Release|Any CPU
		{A0944ACE-D279-40D7-902E-5BF6C9192DC1}.Release|Any CPU.Build.0 = Release|Any CPU
		{85C2C5B3-C1DB-4EB0-85D3-E954FFB18038}.Debug|Any CPU.ActiveCfg = Debug|Any CPU
		{85C2C5B3-C1DB-4EB0-85D3-E954FFB18038}.Debug|Any CPU.Build.0 = Debug|Any CPU
		{85C2C5B3-C1DB-4EB0-85D3-E954FFB18038}.Release|Any CPU.ActiveCfg = Release|Any CPU
		{85C2C5B3-C1DB-4EB0-85D3-E954FFB18038}.Release|Any CPU.Build.0 = Release|Any CPU
		{66C5C0B3-5071-4AB5-B4DD-DD109A09F3F1}.Debug|Any CPU.ActiveCfg = Debug|Any CPU
		{66C5C0B3-5071-4AB5-B4DD-DD109A09F3F1}.Debug|Any CPU.Build.0 = Debug|Any CPU
		{66C5C0B3-5071-4AB5-B4DD-DD109A09F3F1}.Release|Any CPU.ActiveCfg = Release|Any CPU
		{66C5C0B3-5071-4AB5-B4DD-DD109A09F3F1}.Release|Any CPU.Build.0 = Release|Any CPU
		{CAFA37DB-6368-4F85-9130-63BA07219767}.Debug|Any CPU.ActiveCfg = Debug|Any CPU
		{CAFA37DB-6368-4F85-9130-63BA07219767}.Debug|Any CPU.Build.0 = Debug|Any CPU
		{CAFA37DB-6368-4F85-9130-63BA07219767}.Release|Any CPU.ActiveCfg = Release|Any CPU
		{CAFA37DB-6368-4F85-9130-63BA07219767}.Release|Any CPU.Build.0 = Release|Any CPU
		{ED3A50B1-9B38-469B-8BBE-22B226177353}.Debug|Any CPU.ActiveCfg = Debug|Any CPU
		{ED3A50B1-9B38-469B-8BBE-22B226177353}.Debug|Any CPU.Build.0 = Debug|Any CPU
		{ED3A50B1-9B38-469B-8BBE-22B226177353}.Release|Any CPU.ActiveCfg = Release|Any CPU
		{ED3A50B1-9B38-469B-8BBE-22B226177353}.Release|Any CPU.Build.0 = Release|Any CPU
		{36F7C3FE-7BAC-4A8E-A10C-C0B5712ADF8D}.Debug|Any CPU.ActiveCfg = Debug|Any CPU
		{36F7C3FE-7BAC-4A8E-A10C-C0B5712ADF8D}.Debug|Any CPU.Build.0 = Debug|Any CPU
		{36F7C3FE-7BAC-4A8E-A10C-C0B5712ADF8D}.Release|Any CPU.ActiveCfg = Release|Any CPU
		{36F7C3FE-7BAC-4A8E-A10C-C0B5712ADF8D}.Release|Any CPU.Build.0 = Release|Any CPU
	EndGlobalSection
	GlobalSection(SolutionProperties) = preSolution
		HideSolutionNode = FALSE
	EndGlobalSection
	GlobalSection(NestedProjects) = preSolution
		{3D5A149D-561D-43FF-8E14-E4F80EB0426A} = {4E03FEB1-C604-44CB-A88C-244A717BCF7C}
		{11ED1128-AA20-4997-9F71-026E607068F9} = {3D5A149D-561D-43FF-8E14-E4F80EB0426A}
		{DF29FA48-D34D-4A7B-A965-F449AB2D799C} = {3D5A149D-561D-43FF-8E14-E4F80EB0426A}
		{36847DE4-F940-4E3F-8BE2-C6B08D5CD7B0} = {3D5A149D-561D-43FF-8E14-E4F80EB0426A}
		{D7BB8A7C-D132-4CB0-87E6-809A46C3EDC8} = {3D5A149D-561D-43FF-8E14-E4F80EB0426A}
		{6269EA70-B152-4B15-A994-035CF97D3C94} = {3D5A149D-561D-43FF-8E14-E4F80EB0426A}
		{8E03AC53-779F-4B84-8256-288029B6F918} = {4E03FEB1-C604-44CB-A88C-244A717BCF7C}
		{E24470F1-0538-420B-BBBA-E8034EA29F58} = {8E03AC53-779F-4B84-8256-288029B6F918}
		{ABCBEC53-F5C2-47CB-8BBF-869A516C0EBE} = {8E03AC53-779F-4B84-8256-288029B6F918}
		{F3625A2B-2047-426B-BFF7-A886BE36C001} = {8E03AC53-779F-4B84-8256-288029B6F918}
		{EF77344B-6E4F-46EA-810A-A602E12CB9E2} = {8E03AC53-779F-4B84-8256-288029B6F918}
		{E7446318-CA02-4090-857E-8CBF40EE5093} = {8E03AC53-779F-4B84-8256-288029B6F918}
		{D3974E5D-9C64-4D49-A896-C80F98BEF765} = {4E03FEB1-C604-44CB-A88C-244A717BCF7C}
		{4245796A-12C8-4870-9F4D-28093630DDD1} = {D3974E5D-9C64-4D49-A896-C80F98BEF765}
		{53B4CFD5-66F1-4D6A-B9BB-BD9F2F178E65} = {D3974E5D-9C64-4D49-A896-C80F98BEF765}
		{9FF14A4E-20A1-4A58-82A4-92A5B82BEFF8} = {D3974E5D-9C64-4D49-A896-C80F98BEF765}
		{A0944ACE-D279-40D7-902E-5BF6C9192DC1} = {D3974E5D-9C64-4D49-A896-C80F98BEF765}
		{9DB3B210-9A0F-42D0-9087-791C1AAA69EB} = {4E03FEB1-C604-44CB-A88C-244A717BCF7C}
		{85C2C5B3-C1DB-4EB0-85D3-E954FFB18038} = {9DB3B210-9A0F-42D0-9087-791C1AAA69EB}
		{66C5C0B3-5071-4AB5-B4DD-DD109A09F3F1} = {9DB3B210-9A0F-42D0-9087-791C1AAA69EB}
		{CAFA37DB-6368-4F85-9130-63BA07219767} = {9DB3B210-9A0F-42D0-9087-791C1AAA69EB}
		{ED3A50B1-9B38-469B-8BBE-22B226177353} = {9DB3B210-9A0F-42D0-9087-791C1AAA69EB}
		{1C4E5C10-1369-4845-A4EE-046E906F6BF1} = {4E03FEB1-C604-44CB-A88C-244A717BCF7C}
		{36F7C3FE-7BAC-4A8E-A10C-C0B5712ADF8D} = {1C4E5C10-1369-4845-A4EE-046E906F6BF1}
	EndGlobalSection
	GlobalSection(ExtensibilityGlobals) = postSolution
		SolutionGuid = {ABAB44B4-F759-4A9E-AC0B-5A501E3B4BDF}
	EndGlobalSection
EndGlobal
